// !$*UTF8*$!
{
	archiveVersion = 1;
	classes = {
	};
	objectVersion = 56;
	objects = {

/* Begin PBXBuildFile section */
		ED4B40B92A6B686F007D4503 /* TouchdownApp.swift in Sources */ = {isa = PBXBuildFile; fileRef = ED4B40B82A6B686F007D4503 /* TouchdownApp.swift */; };
		ED4B40BB2A6B686F007D4503 /* ContentView.swift in Sources */ = {isa = PBXBuildFile; fileRef = ED4B40BA2A6B686F007D4503 /* ContentView.swift */; };
		ED4B40BD2A6B6872007D4503 /* Assets.xcassets in Resources */ = {isa = PBXBuildFile; fileRef = ED4B40BC2A6B6872007D4503 /* Assets.xcassets */; };
		ED4B40C02A6B6872007D4503 /* Preview Assets.xcassets in Resources */ = {isa = PBXBuildFile; fileRef = ED4B40BF2A6B6872007D4503 /* Preview Assets.xcassets */; };
		ED4B40CA2A6B69CB007D4503 /* player.json in Resources */ = {isa = PBXBuildFile; fileRef = ED4B40C62A6B69CA007D4503 /* player.json */; };
		ED4B40CB2A6B69CB007D4503 /* product.json in Resources */ = {isa = PBXBuildFile; fileRef = ED4B40C72A6B69CA007D4503 /* product.json */; };
		ED4B40CC2A6B69CB007D4503 /* brand.json in Resources */ = {isa = PBXBuildFile; fileRef = ED4B40C82A6B69CB007D4503 /* brand.json */; };
		ED4B40CD2A6B69CB007D4503 /* category.json in Resources */ = {isa = PBXBuildFile; fileRef = ED4B40C92A6B69CB007D4503 /* category.json */; };
		ED4B40D82A6B6BB0007D4503 /* Constant.swift in Sources */ = {isa = PBXBuildFile; fileRef = ED4B40D72A6B6BB0007D4503 /* Constant.swift */; };
		ED4B40DA2A6B6C5C007D4503 /* FooterView.swift in Sources */ = {isa = PBXBuildFile; fileRef = ED4B40D92A6B6C5C007D4503 /* FooterView.swift */; };
		ED4B40DC2A6B6F4B007D4503 /* NavigationBarView.swift in Sources */ = {isa = PBXBuildFile; fileRef = ED4B40DB2A6B6F4B007D4503 /* NavigationBarView.swift */; };
		ED4B40DE2A6B7080007D4503 /* LogoView.swift in Sources */ = {isa = PBXBuildFile; fileRef = ED4B40DD2A6B707F007D4503 /* LogoView.swift */; };
		ED4B40E02A6B7412007D4503 /* PlayerModel.swift in Sources */ = {isa = PBXBuildFile; fileRef = ED4B40DF2A6B7412007D4503 /* PlayerModel.swift */; };
		ED4B40E22A6B7461007D4503 /* CodableBundleExtension.swift in Sources */ = {isa = PBXBuildFile; fileRef = ED4B40E12A6B7461007D4503 /* CodableBundleExtension.swift */; };
/* End PBXBuildFile section */

/* Begin PBXFileReference section */
		ED4B40B52A6B686F007D4503 /* Touchdown.app */ = {isa = PBXFileReference; explicitFileType = wrapper.application; includeInIndex = 0; path = Touchdown.app; sourceTree = BUILT_PRODUCTS_DIR; };
		ED4B40B82A6B686F007D4503 /* TouchdownApp.swift */ = {isa = PBXFileReference; lastKnownFileType = sourcecode.swift; path = TouchdownApp.swift; sourceTree = "<group>"; };
		ED4B40BA2A6B686F007D4503 /* ContentView.swift */ = {isa = PBXFileReference; lastKnownFileType = sourcecode.swift; path = ContentView.swift; sourceTree = "<group>"; };
		ED4B40BC2A6B6872007D4503 /* Assets.xcassets */ = {isa = PBXFileReference; lastKnownFileType = folder.assetcatalog; path = Assets.xcassets; sourceTree = "<group>"; };
		ED4B40BF2A6B6872007D4503 /* Preview Assets.xcassets */ = {isa = PBXFileReference; lastKnownFileType = folder.assetcatalog; path = "Preview Assets.xcassets"; sourceTree = "<group>"; };
		ED4B40C62A6B69CA007D4503 /* player.json */ = {isa = PBXFileReference; fileEncoding = 4; lastKnownFileType = text.json; path = player.json; sourceTree = "<group>"; };
		ED4B40C72A6B69CA007D4503 /* product.json */ = {isa = PBXFileReference; fileEncoding = 4; lastKnownFileType = text.json; path = product.json; sourceTree = "<group>"; };
		ED4B40C82A6B69CB007D4503 /* brand.json */ = {isa = PBXFileReference; fileEncoding = 4; lastKnownFileType = text.json; path = brand.json; sourceTree = "<group>"; };
		ED4B40C92A6B69CB007D4503 /* category.json */ = {isa = PBXFileReference; fileEncoding = 4; lastKnownFileType = text.json; path = category.json; sourceTree = "<group>"; };
		ED4B40CF2A6B6A55007D4503 /* Info.plist */ = {isa = PBXFileReference; lastKnownFileType = text.plist; path = Info.plist; sourceTree = "<group>"; };
		ED4B40D72A6B6BB0007D4503 /* Constant.swift */ = {isa = PBXFileReference; lastKnownFileType = sourcecode.swift; path = Constant.swift; sourceTree = "<group>"; };
		ED4B40D92A6B6C5C007D4503 /* FooterView.swift */ = {isa = PBXFileReference; lastKnownFileType = sourcecode.swift; path = FooterView.swift; sourceTree = "<group>"; };
		ED4B40DB2A6B6F4B007D4503 /* NavigationBarView.swift */ = {isa = PBXFileReference; lastKnownFileType = sourcecode.swift; path = NavigationBarView.swift; sourceTree = "<group>"; };
		ED4B40DD2A6B707F007D4503 /* LogoView.swift */ = {isa = PBXFileReference; lastKnownFileType = sourcecode.swift; path = LogoView.swift; sourceTree = "<group>"; };
		ED4B40DF2A6B7412007D4503 /* PlayerModel.swift */ = {isa = PBXFileReference; lastKnownFileType = sourcecode.swift; path = PlayerModel.swift; sourceTree = "<group>"; };
		ED4B40E12A6B7461007D4503 /* CodableBundleExtension.swift */ = {isa = PBXFileReference; lastKnownFileType = sourcecode.swift; path = CodableBundleExtension.swift; sourceTree = "<group>"; };
/* End PBXFileReference section */

/* Begin PBXFrameworksBuildPhase section */
		ED4B40B22A6B686F007D4503 /* Frameworks */ = {
			isa = PBXFrameworksBuildPhase;
			buildActionMask = 2147483647;
			files = (
			);
			runOnlyForDeploymentPostprocessing = 0;
		};
/* End PBXFrameworksBuildPhase section */

/* Begin PBXGroup section */
		ED4B40AC2A6B686F007D4503 = {
			isa = PBXGroup;
			children = (
				ED4B40B72A6B686F007D4503 /* Touchdown */,
				ED4B40B62A6B686F007D4503 /* Products */,
			);
			sourceTree = "<group>";
		};
		ED4B40B62A6B686F007D4503 /* Products */ = {
			isa = PBXGroup;
			children = (
				ED4B40B52A6B686F007D4503 /* Touchdown.app */,
			);
			name = Products;
			sourceTree = "<group>";
		};
		ED4B40B72A6B686F007D4503 /* Touchdown */ = {
			isa = PBXGroup;
			children = (
				ED4B40D02A6B6B13007D4503 /* App */,
				ED4B40D12A6B6B28007D4503 /* View */,
				ED4B40CE2A6B6A07007D4503 /* Data */,
				ED4B40D42A6B6B46007D4503 /* Model */,
				ED4B40D52A6B6B4F007D4503 /* Extension */,
				ED4B40D62A6B6B58007D4503 /* Utility */,
				ED4B40CF2A6B6A55007D4503 /* Info.plist */,
				ED4B40BC2A6B6872007D4503 /* Assets.xcassets */,
				ED4B40BE2A6B6872007D4503 /* Preview Content */,
			);
			path = Touchdown;
			sourceTree = "<group>";
		};
		ED4B40BE2A6B6872007D4503 /* Preview Content */ = {
			isa = PBXGroup;
			children = (
				ED4B40BF2A6B6872007D4503 /* Preview Assets.xcassets */,
			);
			path = "Preview Content";
			sourceTree = "<group>";
		};
		ED4B40CE2A6B6A07007D4503 /* Data */ = {
			isa = PBXGroup;
			children = (
				ED4B40C82A6B69CB007D4503 /* brand.json */,
				ED4B40C92A6B69CB007D4503 /* category.json */,
				ED4B40C62A6B69CA007D4503 /* player.json */,
				ED4B40C72A6B69CA007D4503 /* product.json */,
			);
			path = Data;
			sourceTree = "<group>";
		};
		ED4B40D02A6B6B13007D4503 /* App */ = {
			isa = PBXGroup;
			children = (
				ED4B40B82A6B686F007D4503 /* TouchdownApp.swift */,
				ED4B40BA2A6B686F007D4503 /* ContentView.swift */,
			);
			path = App;
			sourceTree = "<group>";
		};
		ED4B40D12A6B6B28007D4503 /* View */ = {
			isa = PBXGroup;
			children = (
				ED4B40D32A6B6B3A007D4503 /* Detail */,
				ED4B40D22A6B6B2E007D4503 /* Home */,
			);
			path = View;
			sourceTree = "<group>";
		};
		ED4B40D22A6B6B2E007D4503 /* Home */ = {
			isa = PBXGroup;
			children = (
				ED4B40D92A6B6C5C007D4503 /* FooterView.swift */,
				ED4B40DB2A6B6F4B007D4503 /* NavigationBarView.swift */,
				ED4B40DD2A6B707F007D4503 /* LogoView.swift */,
			);
			path = Home;
			sourceTree = "<group>";
		};
		ED4B40D32A6B6B3A007D4503 /* Detail */ = {
			isa = PBXGroup;
			children = (
			);
			path = Detail;
			sourceTree = "<group>";
		};
		ED4B40D42A6B6B46007D4503 /* Model */ = {
			isa = PBXGroup;
			children = (
				ED4B40DF2A6B7412007D4503 /* PlayerModel.swift */,
			);
			path = Model;
			sourceTree = "<group>";
		};
		ED4B40D52A6B6B4F007D4503 /* Extension */ = {
			isa = PBXGroup;
			children = (
				ED4B40E12A6B7461007D4503 /* CodableBundleExtension.swift */,
			);
			path = Extension;
			sourceTree = "<group>";
		};
		ED4B40D62A6B6B58007D4503 /* Utility */ = {
			isa = PBXGroup;
			children = (
				ED4B40D72A6B6BB0007D4503 /* Constant.swift */,
			);
			path = Utility;
			sourceTree = "<group>";
		};
/* End PBXGroup section */

/* Begin PBXNativeTarget section */
		ED4B40B42A6B686F007D4503 /* Touchdown */ = {
			isa = PBXNativeTarget;
			buildConfigurationList = ED4B40C32A6B6872007D4503 /* Build configuration list for PBXNativeTarget "Touchdown" */;
			buildPhases = (
				ED4B40B12A6B686F007D4503 /* Sources */,
				ED4B40B22A6B686F007D4503 /* Frameworks */,
				ED4B40B32A6B686F007D4503 /* Resources */,
			);
			buildRules = (
			);
			dependencies = (
			);
			name = Touchdown;
			productName = Touchdown;
			productReference = ED4B40B52A6B686F007D4503 /* Touchdown.app */;
			productType = "com.apple.product-type.application";
		};
/* End PBXNativeTarget section */

/* Begin PBXProject section */
		ED4B40AD2A6B686F007D4503 /* Project object */ = {
			isa = PBXProject;
			attributes = {
				BuildIndependentTargetsInParallel = 1;
				LastSwiftUpdateCheck = 1420;
				LastUpgradeCheck = 1420;
				TargetAttributes = {
					ED4B40B42A6B686F007D4503 = {
						CreatedOnToolsVersion = 14.2;
					};
				};
			};
			buildConfigurationList = ED4B40B02A6B686F007D4503 /* Build configuration list for PBXProject "Touchdown" */;
			compatibilityVersion = "Xcode 14.0";
			developmentRegion = en;
			hasScannedForEncodings = 0;
			knownRegions = (
				en,
				Base,
			);
			mainGroup = ED4B40AC2A6B686F007D4503;
			productRefGroup = ED4B40B62A6B686F007D4503 /* Products */;
			projectDirPath = "";
			projectRoot = "";
			targets = (
				ED4B40B42A6B686F007D4503 /* Touchdown */,
			);
		};
/* End PBXProject section */

/* Begin PBXResourcesBuildPhase section */
		ED4B40B32A6B686F007D4503 /* Resources */ = {
			isa = PBXResourcesBuildPhase;
			buildActionMask = 2147483647;
			files = (
				ED4B40CA2A6B69CB007D4503 /* player.json in Resources */,
				ED4B40CC2A6B69CB007D4503 /* brand.json in Resources */,
				ED4B40CB2A6B69CB007D4503 /* product.json in Resources */,
				ED4B40CD2A6B69CB007D4503 /* category.json in Resources */,
				ED4B40C02A6B6872007D4503 /* Preview Assets.xcassets in Resources */,
				ED4B40BD2A6B6872007D4503 /* Assets.xcassets in Resources */,
			);
			runOnlyForDeploymentPostprocessing = 0;
		};
/* End PBXResourcesBuildPhase section */

/* Begin PBXSourcesBuildPhase section */
		ED4B40B12A6B686F007D4503 /* Sources */ = {
			isa = PBXSourcesBuildPhase;
			buildActionMask = 2147483647;
			files = (
				ED4B40E22A6B7461007D4503 /* CodableBundleExtension.swift in Sources */,
				ED4B40BB2A6B686F007D4503 /* ContentView.swift in Sources */,
				ED4B40DE2A6B7080007D4503 /* LogoView.swift in Sources */,
				ED4B40DA2A6B6C5C007D4503 /* FooterView.swift in Sources */,
				ED4B40B92A6B686F007D4503 /* TouchdownApp.swift in Sources */,
				ED4B40D82A6B6BB0007D4503 /* Constant.swift in Sources */,
				ED4B40DC2A6B6F4B007D4503 /* NavigationBarView.swift in Sources */,
				ED4B40E02A6B7412007D4503 /* PlayerModel.swift in Sources */,
			);
			runOnlyForDeploymentPostprocessing = 0;
		};
/* End PBXSourcesBuildPhase section */

/* Begin XCBuildConfiguration section */
		ED4B40C12A6B6872007D4503 /* Debug */ = {
			isa = XCBuildConfiguration;
			buildSettings = {
				ALWAYS_SEARCH_USER_PATHS = NO;
				CLANG_ANALYZER_NONNULL = YES;
				CLANG_ANALYZER_NUMBER_OBJECT_CONVERSION = YES_AGGRESSIVE;
				CLANG_CXX_LANGUAGE_STANDARD = "gnu++20";
				CLANG_ENABLE_MODULES = YES;
				CLANG_ENABLE_OBJC_ARC = YES;
				CLANG_ENABLE_OBJC_WEAK = YES;
				CLANG_WARN_BLOCK_CAPTURE_AUTORELEASING = YES;
				CLANG_WARN_BOOL_CONVERSION = YES;
				CLANG_WARN_COMMA = YES;
				CLANG_WARN_CONSTANT_CONVERSION = YES;
				CLANG_WARN_DEPRECATED_OBJC_IMPLEMENTATIONS = YES;
				CLANG_WARN_DIRECT_OBJC_ISA_USAGE = YES_ERROR;
				CLANG_WARN_DOCUMENTATION_COMMENTS = YES;
				CLANG_WARN_EMPTY_BODY = YES;
				CLANG_WARN_ENUM_CONVERSION = YES;
				CLANG_WARN_INFINITE_RECURSION = YES;
				CLANG_WARN_INT_CONVERSION = YES;
				CLANG_WARN_NON_LITERAL_NULL_CONVERSION = YES;
				CLANG_WARN_OBJC_IMPLICIT_RETAIN_SELF = YES;
				CLANG_WARN_OBJC_LITERAL_CONVERSION = YES;
				CLANG_WARN_OBJC_ROOT_CLASS = YES_ERROR;
				CLANG_WARN_QUOTED_INCLUDE_IN_FRAMEWORK_HEADER = YES;
				CLANG_WARN_RANGE_LOOP_ANALYSIS = YES;
				CLANG_WARN_STRICT_PROTOTYPES = YES;
				CLANG_WARN_SUSPICIOUS_MOVE = YES;
				CLANG_WARN_UNGUARDED_AVAILABILITY = YES_AGGRESSIVE;
				CLANG_WARN_UNREACHABLE_CODE = YES;
				CLANG_WARN__DUPLICATE_METHOD_MATCH = YES;
				COPY_PHASE_STRIP = NO;
				DEBUG_INFORMATION_FORMAT = dwarf;
				ENABLE_STRICT_OBJC_MSGSEND = YES;
				ENABLE_TESTABILITY = YES;
				GCC_C_LANGUAGE_STANDARD = gnu11;
				GCC_DYNAMIC_NO_PIC = NO;
				GCC_NO_COMMON_BLOCKS = YES;
				GCC_OPTIMIZATION_LEVEL = 0;
				GCC_PREPROCESSOR_DEFINITIONS = (
					"DEBUG=1",
					"$(inherited)",
				);
				GCC_WARN_64_TO_32_BIT_CONVERSION = YES;
				GCC_WARN_ABOUT_RETURN_TYPE = YES_ERROR;
				GCC_WARN_UNDECLARED_SELECTOR = YES;
				GCC_WARN_UNINITIALIZED_AUTOS = YES_AGGRESSIVE;
				GCC_WARN_UNUSED_FUNCTION = YES;
				GCC_WARN_UNUSED_VARIABLE = YES;
				IPHONEOS_DEPLOYMENT_TARGET = 16.2;
				MTL_ENABLE_DEBUG_INFO = INCLUDE_SOURCE;
				MTL_FAST_MATH = YES;
				ONLY_ACTIVE_ARCH = YES;
				SDKROOT = iphoneos;
				SWIFT_ACTIVE_COMPILATION_CONDITIONS = DEBUG;
				SWIFT_OPTIMIZATION_LEVEL = "-Onone";
			};
			name = Debug;
		};
		ED4B40C22A6B6872007D4503 /* Release */ = {
			isa = XCBuildConfiguration;
			buildSettings = {
				ALWAYS_SEARCH_USER_PATHS = NO;
				CLANG_ANALYZER_NONNULL = YES;
				CLANG_ANALYZER_NUMBER_OBJECT_CONVERSION = YES_AGGRESSIVE;
				CLANG_CXX_LANGUAGE_STANDARD = "gnu++20";
				CLANG_ENABLE_MODULES = YES;
				CLANG_ENABLE_OBJC_ARC = YES;
				CLANG_ENABLE_OBJC_WEAK = YES;
				CLANG_WARN_BLOCK_CAPTURE_AUTORELEASING = YES;
				CLANG_WARN_BOOL_CONVERSION = YES;
				CLANG_WARN_COMMA = YES;
				CLANG_WARN_CONSTANT_CONVERSION = YES;
				CLANG_WARN_DEPRECATED_OBJC_IMPLEMENTATIONS = YES;
				CLANG_WARN_DIRECT_OBJC_ISA_USAGE = YES_ERROR;
				CLANG_WARN_DOCUMENTATION_COMMENTS = YES;
				CLANG_WARN_EMPTY_BODY = YES;
				CLANG_WARN_ENUM_CONVERSION = YES;
				CLANG_WARN_INFINITE_RECURSION = YES;
				CLANG_WARN_INT_CONVERSION = YES;
				CLANG_WARN_NON_LITERAL_NULL_CONVERSION = YES;
				CLANG_WARN_OBJC_IMPLICIT_RETAIN_SELF = YES;
				CLANG_WARN_OBJC_LITERAL_CONVERSION = YES;
				CLANG_WARN_OBJC_ROOT_CLASS = YES_ERROR;
				CLANG_WARN_QUOTED_INCLUDE_IN_FRAMEWORK_HEADER = YES;
				CLANG_WARN_RANGE_LOOP_ANALYSIS = YES;
				CLANG_WARN_STRICT_PROTOTYPES = YES;
				CLANG_WARN_SUSPICIOUS_MOVE = YES;
				CLANG_WARN_UNGUARDED_AVAILABILITY = YES_AGGRESSIVE;
				CLANG_WARN_UNREACHABLE_CODE = YES;
				CLANG_WARN__DUPLICATE_METHOD_MATCH = YES;
				COPY_PHASE_STRIP = NO;
				DEBUG_INFORMATION_FORMAT = "dwarf-with-dsym";
				ENABLE_NS_ASSERTIONS = NO;
				ENABLE_STRICT_OBJC_MSGSEND = YES;
				GCC_C_LANGUAGE_STANDARD = gnu11;
				GCC_NO_COMMON_BLOCKS = YES;
				GCC_WARN_64_TO_32_BIT_CONVERSION = YES;
				GCC_WARN_ABOUT_RETURN_TYPE = YES_ERROR;
				GCC_WARN_UNDECLARED_SELECTOR = YES;
				GCC_WARN_UNINITIALIZED_AUTOS = YES_AGGRESSIVE;
				GCC_WARN_UNUSED_FUNCTION = YES;
				GCC_WARN_UNUSED_VARIABLE = YES;
				IPHONEOS_DEPLOYMENT_TARGET = 16.2;
				MTL_ENABLE_DEBUG_INFO = NO;
				MTL_FAST_MATH = YES;
				SDKROOT = iphoneos;
				SWIFT_COMPILATION_MODE = wholemodule;
				SWIFT_OPTIMIZATION_LEVEL = "-O";
				VALIDATE_PRODUCT = YES;
			};
			name = Release;
		};
		ED4B40C42A6B6872007D4503 /* Debug */ = {
			isa = XCBuildConfiguration;
			buildSettings = {
				ASSETCATALOG_COMPILER_APPICON_NAME = AppIcon;
				ASSETCATALOG_COMPILER_GLOBAL_ACCENT_COLOR_NAME = AccentColor;
				CODE_SIGN_STYLE = Automatic;
				CURRENT_PROJECT_VERSION = 1;
				DEVELOPMENT_ASSET_PATHS = "\"Touchdown/Preview Content\"";
				ENABLE_PREVIEWS = YES;
				GENERATE_INFOPLIST_FILE = YES;
				INFOPLIST_FILE = Touchdown/Info.plist;
				INFOPLIST_KEY_UIApplicationSceneManifest_Generation = YES;
				INFOPLIST_KEY_UIApplicationSupportsIndirectInputEvents = YES;
				INFOPLIST_KEY_UISupportedInterfaceOrientations = UIInterfaceOrientationPortrait;
				INFOPLIST_KEY_UISupportedInterfaceOrientations_iPad = "UIInterfaceOrientationLandscapeLeft UIInterfaceOrientationLandscapeRight UIInterfaceOrientationPortrait UIInterfaceOrientationPortraitUpsideDown";
				INFOPLIST_KEY_UIUserInterfaceStyle = Light;
				LD_RUNPATH_SEARCH_PATHS = (
					"$(inherited)",
					"@executable_path/Frameworks",
				);
				MARKETING_VERSION = 1.0;
				PRODUCT_BUNDLE_IDENTIFIER = com.fernandomoreira.Touchdown;
				PRODUCT_NAME = "$(TARGET_NAME)";
				SWIFT_EMIT_LOC_STRINGS = YES;
				SWIFT_VERSION = 5.0;
				TARGETED_DEVICE_FAMILY = "1,2";
			};
			name = Debug;
		};
		ED4B40C52A6B6872007D4503 /* Release */ = {
			isa = XCBuildConfiguration;
			buildSettings = {
				ASSETCATALOG_COMPILER_APPICON_NAME = AppIcon;
				ASSETCATALOG_COMPILER_GLOBAL_ACCENT_COLOR_NAME = AccentColor;
				CODE_SIGN_STYLE = Automatic;
				CURRENT_PROJECT_VERSION = 1;
				DEVELOPMENT_ASSET_PATHS = "\"Touchdown/Preview Content\"";
				ENABLE_PREVIEWS = YES;
				GENERATE_INFOPLIST_FILE = YES;
				INFOPLIST_FILE = Touchdown/Info.plist;
				INFOPLIST_KEY_UIApplicationSceneManifest_Generation = YES;
				INFOPLIST_KEY_UIApplicationSupportsIndirectInputEvents = YES;
				INFOPLIST_KEY_UISupportedInterfaceOrientations = UIInterfaceOrientationPortrait;
				INFOPLIST_KEY_UISupportedInterfaceOrientations_iPad = "UIInterfaceOrientationLandscapeLeft UIInterfaceOrientationLandscapeRight UIInterfaceOrientationPortrait UIInterfaceOrientationPortraitUpsideDown";
				INFOPLIST_KEY_UIUserInterfaceStyle = Light;
				LD_RUNPATH_SEARCH_PATHS = (
					"$(inherited)",
					"@executable_path/Frameworks",
				);
				MARKETING_VERSION = 1.0;
				PRODUCT_BUNDLE_IDENTIFIER = com.fernandomoreira.Touchdown;
				PRODUCT_NAME = "$(TARGET_NAME)";
				SWIFT_EMIT_LOC_STRINGS = YES;
				SWIFT_VERSION = 5.0;
				TARGETED_DEVICE_FAMILY = "1,2";
			};
			name = Release;
		};
/* End XCBuildConfiguration section */

/* Begin XCConfigurationList section */
		ED4B40B02A6B686F007D4503 /* Build configuration list for PBXProject "Touchdown" */ = {
			isa = XCConfigurationList;
			buildConfigurations = (
				ED4B40C12A6B6872007D4503 /* Debug */,
				ED4B40C22A6B6872007D4503 /* Release */,
			);
			defaultConfigurationIsVisible = 0;
			defaultConfigurationName = Release;
		};
		ED4B40C32A6B6872007D4503 /* Build configuration list for PBXNativeTarget "Touchdown" */ = {
			isa = XCConfigurationList;
			buildConfigurations = (
				ED4B40C42A6B6872007D4503 /* Debug */,
				ED4B40C52A6B6872007D4503 /* Release */,
			);
			defaultConfigurationIsVisible = 0;
			defaultConfigurationName = Release;
		};
/* End XCConfigurationList section */
	};
	rootObject = ED4B40AD2A6B686F007D4503 /* Project object */;
}
